
Microsoft Visual Studio Solution File, Format Version 12.00
# Visual Studio 15
VisualStudioVersion = 15.0.28307.572
MinimumVisualStudioVersion = 10.0.40219.1
Project("{FAE04EC0-301F-11D3-BF4B-00C04F79EFBC}") = "MVC_CRUD", "MVC_CRUD\MVC_CRUD.csproj", "{C02B8D94-C00D-4960-B3B5-0B0117B02838}"
EndProject
Global
	GlobalSection(SolutionConfigurationPlatforms) = preSolution
		Debug|Any CPU = Debug|Any CPU
		Release|Any CPU = Release|Any CPU
	EndGlobalSection
	GlobalSection(ProjectConfigurationPlatforms) = postSolution
		{C02B8D94-C00D-4960-B3B5-0B0117B02838}.Debug|Any CPU.ActiveCfg = Debug|Any CPU
		{C02B8D94-C00D-4960-B3B5-0B0117B02838}.Debug|Any CPU.Build.0 = Debug|Any CPU
		{C02B8D94-C00D-4960-B3B5-0B0117B02838}.Release|Any CPU.ActiveCfg = Release|Any CPU
		{C02B8D94-C00D-4960-B3B5-0B0117B02838}.Release|Any CPU.Build.0 = Release|Any CPU
	EndGlobalSection
	GlobalSection(SolutionProperties) = preSolution
		HideSolutionNode = FALSE
	EndGlobalSection
	GlobalSection(ExtensibilityGlobals) = postSolution
		SolutionGuid = {F1DFF669-CB85-445D-8C7B-5DA11E57947B}
	EndGlobalSection
EndGlobal
